// !$*UTF8*$!
{
	archiveVersion = 1;
	classes = {
	};
	objectVersion = 50;
	objects = {

/* Begin PBXBuildFile section */
		06269082239076C000F0BD33 /* Animazioni.swift in Sources */ = {isa = PBXBuildFile; fileRef = 06269081239076C000F0BD33 /* Animazioni.swift */; };
		3F80C2E823603B5E00E1F1F9 /* AppDelegate.swift in Sources */ = {isa = PBXBuildFile; fileRef = 3F80C2E723603B5E00E1F1F9 /* AppDelegate.swift */; };
		3F80C2EA23603B5E00E1F1F9 /* SceneDelegate.swift in Sources */ = {isa = PBXBuildFile; fileRef = 3F80C2E923603B5E00E1F1F9 /* SceneDelegate.swift */; };
		3F80C2EC23603B5E00E1F1F9 /* ViewController.swift in Sources */ = {isa = PBXBuildFile; fileRef = 3F80C2EB23603B5E00E1F1F9 /* ViewController.swift */; };
		3F80C2EF23603B5E00E1F1F9 /* Main.storyboard in Resources */ = {isa = PBXBuildFile; fileRef = 3F80C2ED23603B5E00E1F1F9 /* Main.storyboard */; };
		3F80C2F123603B6000E1F1F9 /* Assets.xcassets in Resources */ = {isa = PBXBuildFile; fileRef = 3F80C2F023603B6000E1F1F9 /* Assets.xcassets */; };
		3F80C2F423603B6000E1F1F9 /* LaunchScreen.storyboard in Resources */ = {isa = PBXBuildFile; fileRef = 3F80C2F223603B6000E1F1F9 /* LaunchScreen.storyboard */; };
/* End PBXBuildFile section */

/* Begin PBXFileReference section */
		06269081239076C000F0BD33 /* Animazioni.swift */ = {isa = PBXFileReference; lastKnownFileType = sourcecode.swift; path = Animazioni.swift; sourceTree = "<group>"; };
		3F80C2E423603B5E00E1F1F9 /* Meneghetti_Gioco_Quindici.app */ = {isa = PBXFileReference; explicitFileType = wrapper.application; includeInIndex = 0; path = Meneghetti_Gioco_Quindici.app; sourceTree = BUILT_PRODUCTS_DIR; };
		3F80C2E723603B5E00E1F1F9 /* AppDelegate.swift */ = {isa = PBXFileReference; lastKnownFileType = sourcecode.swift; path = AppDelegate.swift; sourceTree = "<group>"; };
		3F80C2E923603B5E00E1F1F9 /* SceneDelegate.swift */ = {isa = PBXFileReference; lastKnownFileType = sourcecode.swift; path = SceneDelegate.swift; sourceTree = "<group>"; };
		3F80C2EB23603B5E00E1F1F9 /* ViewController.swift */ = {isa = PBXFileReference; lastKnownFileType = sourcecode.swift; path = ViewController.swift; sourceTree = "<group>"; };
		3F80C2EE23603B5E00E1F1F9 /* Base */ = {isa = PBXFileReference; lastKnownFileType = file.storyboard; name = Base; path = Base.lproj/Main.storyboard; sourceTree = "<group>"; };
		3F80C2F023603B6000E1F1F9 /* Assets.xcassets */ = {isa = PBXFileReference; lastKnownFileType = folder.assetcatalog; path = Assets.xcassets; sourceTree = "<group>"; };
		3F80C2F323603B6000E1F1F9 /* Base */ = {isa = PBXFileReference; lastKnownFileType = file.storyboard; name = Base; path = Base.lproj/LaunchScreen.storyboard; sourceTree = "<group>"; };
		3F80C2F523603B6000E1F1F9 /* Info.plist */ = {isa = PBXFileReference; lastKnownFileType = text.plist.xml; path = Info.plist; sourceTree = "<group>"; };
/* End PBXFileReference section */

/* Begin PBXFrameworksBuildPhase section */
		3F80C2E123603B5E00E1F1F9 /* Frameworks */ = {
			isa = PBXFrameworksBuildPhase;
			buildActionMask = 2147483647;
			files = (
			);
			runOnlyForDeploymentPostprocessing = 0;
		};
/* End PBXFrameworksBuildPhase section */

/* Begin PBXGroup section */
		3F80C2DB23603B5E00E1F1F9 = {
			isa = PBXGroup;
			children = (
				3F80C2E623603B5E00E1F1F9 /* Meneghetti_Gioco_Quindici */,
				3F80C2E523603B5E00E1F1F9 /* Products */,
			);
			sourceTree = "<group>";
		};
		3F80C2E523603B5E00E1F1F9 /* Products */ = {
			isa = PBXGroup;
			children = (
				3F80C2E423603B5E00E1F1F9 /* Meneghetti_Gioco_Quindici.app */,
			);
			name = Products;
			sourceTree = "<group>";
		};
		3F80C2E623603B5E00E1F1F9 /* Meneghetti_Gioco_Quindici */ = {
			isa = PBXGroup;
			children = (
				3F80C2E723603B5E00E1F1F9 /* AppDelegate.swift */,
				3F80C2E923603B5E00E1F1F9 /* SceneDelegate.swift */,
				3F80C2EB23603B5E00E1F1F9 /* ViewController.swift */,
				3F80C2ED23603B5E00E1F1F9 /* Main.storyboard */,
				3F80C2F023603B6000E1F1F9 /* Assets.xcassets */,
				3F80C2F223603B6000E1F1F9 /* LaunchScreen.storyboard */,
				3F80C2F523603B6000E1F1F9 /* Info.plist */,
				06269081239076C000F0BD33 /* Animazioni.swift */,
			);
			path = Meneghetti_Gioco_Quindici;
			sourceTree = "<group>";
		};
/* End PBXGroup section */

/* Begin PBXNativeTarget section */
		3F80C2E323603B5E00E1F1F9 /* Meneghetti_Gioco_Quindici */ = {
			isa = PBXNativeTarget;
			buildConfigurationList = 3F80C2F823603B6000E1F1F9 /* Build configuration list for PBXNativeTarget "Meneghetti_Gioco_Quindici" */;
			buildPhases = (
				3F80C2E023603B5E00E1F1F9 /* Sources */,
				3F80C2E123603B5E00E1F1F9 /* Frameworks */,
				3F80C2E223603B5E00E1F1F9 /* Resources */,
			);
			buildRules = (
			);
			dependencies = (
			);
			name = Meneghetti_Gioco_Quindici;
			productName = Meneghetti_Gioco_Quindici;
			productReference = 3F80C2E423603B5E00E1F1F9 /* Meneghetti_Gioco_Quindici.app */;
			productType = "com.apple.product-type.application";
		};
/* End PBXNativeTarget section */

/* Begin PBXProject section */
		3F80C2DC23603B5E00E1F1F9 /* Project object */ = {
			isa = PBXProject;
			attributes = {
				LastSwiftUpdateCheck = 1100;
				LastUpgradeCheck = 1100;
				ORGANIZATIONNAME = "MATTEO MENEGHETTI";
				TargetAttributes = {
					3F80C2E323603B5E00E1F1F9 = {
						CreatedOnToolsVersion = 11.0;
					};
				};
			};
			buildConfigurationList = 3F80C2DF23603B5E00E1F1F9 /* Build configuration list for PBXProject "Meneghetti_Gioco_Quindici" */;
			compatibilityVersion = "Xcode 9.3";
			developmentRegion = en;
			hasScannedForEncodings = 0;
			knownRegions = (
				en,
				Base,
			);
			mainGroup = 3F80C2DB23603B5E00E1F1F9;
			productRefGroup = 3F80C2E523603B5E00E1F1F9 /* Products */;
			projectDirPath = "";
			projectRoot = "";
			targets = (
				3F80C2E323603B5E00E1F1F9 /* Meneghetti_Gioco_Quindici */,
			);
		};
/* End PBXProject section */

/* Begin PBXResourcesBuildPhase section */
		3F80C2E223603B5E00E1F1F9 /* Resources */ = {
			isa = PBXResourcesBuildPhase;
			buildActionMask = 2147483647;
			files = (
				3F80C2F423603B6000E1F1F9 /* LaunchScreen.storyboard in Resources */,
				3F80C2F123603B6000E1F1F9 /* Assets.xcassets in Resources */,
				3F80C2EF23603B5E00E1F1F9 /* Main.storyboard in Resources */,
			);
			runOnlyForDeploymentPostprocessing = 0;
		};
/* End PBXResourcesBuildPhase section */

/* Begin PBXSourcesBuildPhase section */
		3F80C2E023603B5E00E1F1F9 /* Sources */ = {
			isa = PBXSourcesBuildPhase;
			buildActionMask = 2147483647;
			files = (
				3F80C2EC23603B5E00E1F1F9 /* ViewController.swift in Sources */,
				3F80C2E823603B5E00E1F1F9 /* AppDelegate.swift in Sources */,
				06269082239076C000F0BD33 /* Animazioni.swift in Sources */,
				3F80C2EA23603B5E00E1F1F9 /* SceneDelegate.swift in Sources */,
			);
			runOnlyForDeploymentPostprocessing = 0;
		};
/* End PBXSourcesBuildPhase section */

/* Begin PBXVariantGroup section */
		3F80C2ED23603B5E00E1F1F9 /* Main.storyboard */ = {
			isa = PBXVariantGroup;
			children = (
				3F80C2EE23603B5E00E1F1F9 /* Base */,
			);
			name = Main.storyboard;
			sourceTree = "<group>";
		};
		3F80C2F223603B6000E1F1F9 /* LaunchScreen.storyboard */ = {
			isa = PBXVariantGroup;
			children = (
				3F80C2F323603B6000E1F1F9 /* Base */,
			);
			name = LaunchScreen.storyboard;
			sourceTree = "<group>";
		};
/* End PBXVariantGroup section */

/* Begin XCBuildConfiguration section */
		3F80C2F623603B6000E1F1F9 /* Debug */ = {
			isa = XCBuildConfiguration;
			buildSettings = {
				ALWAYS_SEARCH_USER_PATHS = NO;
				CLANG_ANALYZER_NONNULL = YES;
				CLANG_ANALYZER_NUMBER_OBJECT_CONVERSION = YES_AGGRESSIVE;
				CLANG_CXX_LANGUAGE_STANDARD = "gnu++14";
				CLANG_CXX_LIBRARY = "libc++";
				CLANG_ENABLE_MODULES = YES;
				CLANG_ENABLE_OBJC_ARC = YES;
				CLANG_ENABLE_OBJC_WEAK = YES;
				CLANG_WARN_BLOCK_CAPTURE_AUTORELEASING = YES;
				CLANG_WARN_BOOL_CONVERSION = YES;
				CLANG_WARN_COMMA = YES;
				CLANG_WARN_CONSTANT_CONVERSION = YES;
				CLANG_WARN_DEPRECATED_OBJC_IMPLEMENTATIONS = YES;
				CLANG_WARN_DIRECT_OBJC_ISA_USAGE = YES_ERROR;
				CLANG_WARN_DOCUMENTATION_COMMENTS = YES;
				CLANG_WARN_EMPTY_BODY = YES;
				CLANG_WARN_ENUM_CONVERSION = YES;
				CLANG_WARN_INFINITE_RECURSION = YES;
				CLANG_WARN_INT_CONVERSION = YES;
				CLANG_WARN_NON_LITERAL_NULL_CONVERSION = YES;
				CLANG_WARN_OBJC_IMPLICIT_RETAIN_SELF = YES;
				CLANG_WARN_OBJC_LITERAL_CONVERSION = YES;
				CLANG_WARN_OBJC_ROOT_CLASS = YES_ERROR;
				CLANG_WARN_RANGE_LOOP_ANALYSIS = YES;
				CLANG_WARN_STRICT_PROTOTYPES = YES;
				CLANG_WARN_SUSPICIOUS_MOVE = YES;
				CLANG_WARN_UNGUARDED_AVAILABILITY = YES_AGGRESSIVE;
				CLANG_WARN_UNREACHABLE_CODE = YES;
				CLANG_WARN__DUPLICATE_METHOD_MATCH = YES;
				COPY_PHASE_STRIP = NO;
				DEBUG_INFORMATION_FORMAT = dwarf;
				ENABLE_STRICT_OBJC_MSGSEND = YES;
				ENABLE_TESTABILITY = YES;
				GCC_C_LANGUAGE_STANDARD = gnu11;
				GCC_DYNAMIC_NO_PIC = NO;
				GCC_NO_COMMON_BLOCKS = YES;
				GCC_OPTIMIZATION_LEVEL = 0;
				GCC_PREPROCESSOR_DEFINITIONS = (
					"DEBUG=1",
					"$(inherited)",
				);
				GCC_WARN_64_TO_32_BIT_CONVERSION = YES;
				GCC_WARN_ABOUT_RETURN_TYPE = YES_ERROR;
				GCC_WARN_UNDECLARED_SELECTOR = YES;
				GCC_WARN_UNINITIALIZED_AUTOS = YES_AGGRESSIVE;
				GCC_WARN_UNUSED_FUNCTION = YES;
				GCC_WARN_UNUSED_VARIABLE = YES;
				IPHONEOS_DEPLOYMENT_TARGET = 13.0;
				MTL_ENABLE_DEBUG_INFO = INCLUDE_SOURCE;
				MTL_FAST_MATH = YES;
				ONLY_ACTIVE_ARCH = YES;
				SDKROOT = iphoneos;
				SWIFT_ACTIVE_COMPILATION_CONDITIONS = DEBUG;
				SWIFT_OPTIMIZATION_LEVEL = "-Onone";
			};
			name = Debug;
		};
		3F80C2F723603B6000E1F1F9 /* Release */ = {
			isa = XCBuildConfiguration;
			buildSettings = {
				ALWAYS_SEARCH_USER_PATHS = NO;
				CLANG_ANALYZER_NONNULL = YES;
				CLANG_ANALYZER_NUMBER_OBJECT_CONVERSION = YES_AGGRESSIVE;
				CLANG_CXX_LANGUAGE_STANDARD = "gnu++14";
				CLANG_CXX_LIBRARY = "libc++";
				CLANG_ENABLE_MODULES = YES;
				CLANG_ENABLE_OBJC_ARC = YES;
				CLANG_ENABLE_OBJC_WEAK = YES;
				CLANG_WARN_BLOCK_CAPTURE_AUTORELEASING = YES;
				CLANG_WARN_BOOL_CONVERSION = YES;
				CLANG_WARN_COMMA = YES;
				CLANG_WARN_CONSTANT_CONVERSION = YES;
				CLANG_WARN_DEPRECATED_OBJC_IMPLEMENTATIONS = YES;
				CLANG_WARN_DIRECT_OBJC_ISA_USAGE = YES_ERROR;
				CLANG_WARN_DOCUMENTATION_COMMENTS = YES;
				CLANG_WARN_EMPTY_BODY = YES;
				CLANG_WARN_ENUM_CONVERSION = YES;
				CLANG_WARN_INFINITE_RECURSION = YES;
				CLANG_WARN_INT_CONVERSION = YES;
				CLANG_WARN_NON_LITERAL_NULL_CONVERSION = YES;
				CLANG_WARN_OBJC_IMPLICIT_RETAIN_SELF = YES;
				CLANG_WARN_OBJC_LITERAL_CONVERSION = YES;
				CLANG_WARN_OBJC_ROOT_CLASS = YES_ERROR;
				CLANG_WARN_RANGE_LOOP_ANALYSIS = YES;
				CLANG_WARN_STRICT_PROTOTYPES = YES;
				CLANG_WARN_SUSPICIOUS_MOVE = YES;
				CLANG_WARN_UNGUARDED_AVAILABILITY = YES_AGGRESSIVE;
				CLANG_WARN_UNREACHABLE_CODE = YES;
				CLANG_WARN__DUPLICATE_METHOD_MATCH = YES;
				COPY_PHASE_STRIP = NO;
				DEBUG_INFORMATION_FORMAT = "dwarf-with-dsym";
				ENABLE_NS_ASSERTIONS = NO;
				ENABLE_STRICT_OBJC_MSGSEND = YES;
				GCC_C_LANGUAGE_STANDARD = gnu11;
				GCC_NO_COMMON_BLOCKS = YES;
				GCC_WARN_64_TO_32_BIT_CONVERSION = YES;
				GCC_WARN_ABOUT_RETURN_TYPE = YES_ERROR;
				GCC_WARN_UNDECLARED_SELECTOR = YES;
				GCC_WARN_UNINITIALIZED_AUTOS = YES_AGGRESSIVE;
				GCC_WARN_UNUSED_FUNCTION = YES;
				GCC_WARN_UNUSED_VARIABLE = YES;
				IPHONEOS_DEPLOYMENT_TARGET = 13.0;
				MTL_ENABLE_DEBUG_INFO = NO;
				MTL_FAST_MATH = YES;
				SDKROOT = iphoneos;
				SWIFT_COMPILATION_MODE = wholemodule;
				SWIFT_OPTIMIZATION_LEVEL = "-O";
				VALIDATE_PRODUCT = YES;
			};
			name = Release;
		};
		3F80C2F923603B6000E1F1F9 /* Debug */ = {
			isa = XCBuildConfiguration;
			buildSettings = {
				ASSETCATALOG_COMPILER_APPICON_NAME = AppIcon;
				CODE_SIGN_STYLE = Automatic;
				INFOPLIST_FILE = Meneghetti_Gioco_Quindici/Info.plist;
				LD_RUNPATH_SEARCH_PATHS = (
					"$(inherited)",
					"@executable_path/Frameworks",
				);
				PRODUCT_BUNDLE_IDENTIFIER = "ITT-BARSANTI.Meneghetti-Gioco-Quindici";
				PRODUCT_NAME = "$(TARGET_NAME)";
				SWIFT_VERSION = 5.0;
				TARGETED_DEVICE_FAMILY = "1,2";
			};
			name = Debug;
		};
		3F80C2FA23603B6000E1F1F9 /* Release */ = {
			isa = XCBuildConfiguration;
			buildSettings = {
				ASSETCATALOG_COMPILER_APPICON_NAME = AppIcon;
				CODE_SIGN_STYLE = Automatic;
				INFOPLIST_FILE = Meneghetti_Gioco_Quindici/Info.plist;
				LD_RUNPATH_SEARCH_PATHS = (
					"$(inherited)",
					"@executable_path/Frameworks",
				);
				PRODUCT_BUNDLE_IDENTIFIER = "ITT-BARSANTI.Meneghetti-Gioco-Quindici";
				PRODUCT_NAME = "$(TARGET_NAME)";
				SWIFT_VERSION = 5.0;
				TARGETED_DEVICE_FAMILY = "1,2";
			};
			name = Release;
		};
/* End XCBuildConfiguration section */

/* Begin XCConfigurationList section */
		3F80C2DF23603B5E00E1F1F9 /* Build configuration list for PBXProject "Meneghetti_Gioco_Quindici" */ = {
			isa = XCConfigurationList;
			buildConfigurations = (
				3F80C2F623603B6000E1F1F9 /* Debug */,
				3F80C2F723603B6000E1F1F9 /* Release */,
			);
			defaultConfigurationIsVisible = 0;
			defaultConfigurationName = Release;
		};
		3F80C2F823603B6000E1F1F9 /* Build configuration list for PBXNativeTarget "Meneghetti_Gioco_Quindici" */ = {
			isa = XCConfigurationList;
			buildConfigurations = (
				3F80C2F923603B6000E1F1F9 /* Debug */,
				3F80C2FA23603B6000E1F1F9 /* Release */,
			);
			defaultConfigurationIsVisible = 0;
			defaultConfigurationName = Release;
		};
/* End XCConfigurationList section */
	};
	rootObject = 3F80C2DC23603B5E00E1F1F9 /* Project object */;
}
